
Microsoft Visual Studio Solution File, Format Version 12.00
# Visual Studio 2013
VisualStudioVersion = 12.0.40629.0
MinimumVisualStudioVersion = 10.0.40219.1
Project("{FAE04EC0-301F-11D3-BF4B-00C04F79EFBC}") = "MainApp", "MainApp\MainApp.csproj", "{848B5699-F8D4-4FFD-8CA4-BA6DD429FE60}"
EndProject
Project("{FAE04EC0-301F-11D3-BF4B-00C04F79EFBC}") = "Domain", "Domain\Domain.csproj", "{FC118E93-7B98-46DE-846B-4B79A334C299}"
EndProject
Project("{00D1A9C2-B5F0-4AF3-8072-F6C62B433612}") = "WorklogDB", "DB\WorklogDB.sqlproj", "{CAB6583C-48DB-4904-AF3B-B2492C521552}"
EndProject
Project("{2150E333-8FDC-42A3-9474-1A3956D46DE8}") = "Solution Items", "Solution Items", "{D6C6B12D-BD65-4AA2-85E5-A8F2FE05F925}"
	ProjectSection(SolutionItems) = preProject
		ToDoItems.txt = ToDoItems.txt
	EndProjectSection
EndProject
Global
	GlobalSection(SolutionConfigurationPlatforms) = preSolution
		Debug|Any CPU = Debug|Any CPU
		Release|Any CPU = Release|Any CPU
	EndGlobalSection
	GlobalSection(ProjectConfigurationPlatforms) = postSolution
		{848B5699-F8D4-4FFD-8CA4-BA6DD429FE60}.Debug|Any CPU.ActiveCfg = Debug|Any CPU
		{848B5699-F8D4-4FFD-8CA4-BA6DD429FE60}.Debug|Any CPU.Build.0 = Debug|Any CPU
		{848B5699-F8D4-4FFD-8CA4-BA6DD429FE60}.Release|Any CPU.ActiveCfg = Release|Any CPU
		{848B5699-F8D4-4FFD-8CA4-BA6DD429FE60}.Release|Any CPU.Build.0 = Release|Any CPU
		{FC118E93-7B98-46DE-846B-4B79A334C299}.Debug|Any CPU.ActiveCfg = Debug|Any CPU
		{FC118E93-7B98-46DE-846B-4B79A334C299}.Debug|Any CPU.Build.0 = Debug|Any CPU
		{FC118E93-7B98-46DE-846B-4B79A334C299}.Release|Any CPU.ActiveCfg = Release|Any CPU
		{FC118E93-7B98-46DE-846B-4B79A334C299}.Release|Any CPU.Build.0 = Release|Any CPU
		{CAB6583C-48DB-4904-AF3B-B2492C521552}.Debug|Any CPU.ActiveCfg = Debug|Any CPU
		{CAB6583C-48DB-4904-AF3B-B2492C521552}.Debug|Any CPU.Build.0 = Debug|Any CPU
		{CAB6583C-48DB-4904-AF3B-B2492C521552}.Debug|Any CPU.Deploy.0 = Debug|Any CPU
		{CAB6583C-48DB-4904-AF3B-B2492C521552}.Release|Any CPU.ActiveCfg = Release|Any CPU
		{CAB6583C-48DB-4904-AF3B-B2492C521552}.Release|Any CPU.Build.0 = Release|Any CPU
		{CAB6583C-48DB-4904-AF3B-B2492C521552}.Release|Any CPU.Deploy.0 = Release|Any CPU
	EndGlobalSection
	GlobalSection(SolutionProperties) = preSolution
		HideSolutionNode = FALSE
	EndGlobalSection
EndGlobal
